// !$*UTF8*$!
{
	archiveVersion = 1;
	classes = {
	};
	objectVersion = 46;
	objects = {

/* Begin PBXBuildFile section */
		B16AB2F31B3527CB0003BBFB /* AppDelegate.swift in Sources */ = {isa = PBXBuildFile; fileRef = B16AB2F21B3527CB0003BBFB /* AppDelegate.swift */; };
		B16AB2F51B3527CB0003BBFB /* ViewController.swift in Sources */ = {isa = PBXBuildFile; fileRef = B16AB2F41B3527CB0003BBFB /* ViewController.swift */; };
		B16AB2F81B3527CB0003BBFB /* Main.storyboard in Resources */ = {isa = PBXBuildFile; fileRef = B16AB2F61B3527CB0003BBFB /* Main.storyboard */; };
		B16AB2FA1B3527CB0003BBFB /* Images.xcassets in Resources */ = {isa = PBXBuildFile; fileRef = B16AB2F91B3527CB0003BBFB /* Images.xcassets */; };
		B16AB2FD1B3527CB0003BBFB /* LaunchScreen.xib in Resources */ = {isa = PBXBuildFile; fileRef = B16AB2FB1B3527CB0003BBFB /* LaunchScreen.xib */; };
		B16AB3091B3527CB0003BBFB /* clolo1Tests.swift in Sources */ = {isa = PBXBuildFile; fileRef = B16AB3081B3527CB0003BBFB /* clolo1Tests.swift */; };
		B16AB3131B3527EC0003BBFB /* 01-fabric-shirt.png in Resources */ = {isa = PBXBuildFile; fileRef = B16AB3121B3527EC0003BBFB /* 01-fabric-shirt.png */; };
		B1D1347C1B35422400DC1811 /* white.gif in Resources */ = {isa = PBXBuildFile; fileRef = B1D1347B1B35422400DC1811 /* white.gif */; };
		B1D134821B393D8700DC1811 /* DoStyle1.jpg in Resources */ = {isa = PBXBuildFile; fileRef = B1D1347D1B393D8700DC1811 /* DoStyle1.jpg */; };
		B1D134831B393D8700DC1811 /* DoStyle2.jpg in Resources */ = {isa = PBXBuildFile; fileRef = B1D1347E1B393D8700DC1811 /* DoStyle2.jpg */; };
		B1D134841B393D8700DC1811 /* LANP.jpg in Resources */ = {isa = PBXBuildFile; fileRef = B1D1347F1B393D8700DC1811 /* LANP.jpg */; };
		B1D134851B393D8700DC1811 /* VALON.jpg in Resources */ = {isa = PBXBuildFile; fileRef = B1D134801B393D8700DC1811 /* VALON.jpg */; };
		B1D134861B393D8700DC1811 /* ヒッチハイカー.jpg in Resources */ = {isa = PBXBuildFile; fileRef = B1D134811B393D8700DC1811 /* ヒッチハイカー.jpg */; };
		B1F8F4AC1B42C4BC00D26817 /* DetailViewController.swift in Sources */ = {isa = PBXBuildFile; fileRef = B1F8F4AB1B42C4BC00D26817 /* DetailViewController.swift */; };
/* End PBXBuildFile section */

/* Begin PBXContainerItemProxy section */
		B16AB3031B3527CB0003BBFB /* PBXContainerItemProxy */ = {
			isa = PBXContainerItemProxy;
			containerPortal = B16AB2E51B3527CB0003BBFB /* Project object */;
			proxyType = 1;
			remoteGlobalIDString = B16AB2EC1B3527CB0003BBFB;
			remoteInfo = clolo1;
		};
/* End PBXContainerItemProxy section */

/* Begin PBXFileReference section */
		B16AB2ED1B3527CB0003BBFB /* clolo1.app */ = {isa = PBXFileReference; explicitFileType = wrapper.application; includeInIndex = 0; path = clolo1.app; sourceTree = BUILT_PRODUCTS_DIR; };
		B16AB2F11B3527CB0003BBFB /* Info.plist */ = {isa = PBXFileReference; lastKnownFileType = text.plist.xml; path = Info.plist; sourceTree = "<group>"; };
		B16AB2F21B3527CB0003BBFB /* AppDelegate.swift */ = {isa = PBXFileReference; lastKnownFileType = sourcecode.swift; path = AppDelegate.swift; sourceTree = "<group>"; };
		B16AB2F41B3527CB0003BBFB /* ViewController.swift */ = {isa = PBXFileReference; lastKnownFileType = sourcecode.swift; path = ViewController.swift; sourceTree = "<group>"; };
		B16AB2F71B3527CB0003BBFB /* Base */ = {isa = PBXFileReference; lastKnownFileType = file.storyboard; name = Base; path = Base.lproj/Main.storyboard; sourceTree = "<group>"; };
		B16AB2F91B3527CB0003BBFB /* Images.xcassets */ = {isa = PBXFileReference; lastKnownFileType = folder.assetcatalog; path = Images.xcassets; sourceTree = "<group>"; };
		B16AB2FC1B3527CB0003BBFB /* Base */ = {isa = PBXFileReference; lastKnownFileType = file.xib; name = Base; path = Base.lproj/LaunchScreen.xib; sourceTree = "<group>"; };
		B16AB3021B3527CB0003BBFB /* clolo1Tests.xctest */ = {isa = PBXFileReference; explicitFileType = wrapper.cfbundle; includeInIndex = 0; path = clolo1Tests.xctest; sourceTree = BUILT_PRODUCTS_DIR; };
		B16AB3071B3527CB0003BBFB /* Info.plist */ = {isa = PBXFileReference; lastKnownFileType = text.plist.xml; path = Info.plist; sourceTree = "<group>"; };
		B16AB3081B3527CB0003BBFB /* clolo1Tests.swift */ = {isa = PBXFileReference; lastKnownFileType = sourcecode.swift; path = clolo1Tests.swift; sourceTree = "<group>"; };
		B16AB3121B3527EC0003BBFB /* 01-fabric-shirt.png */ = {isa = PBXFileReference; lastKnownFileType = image.png; path = "01-fabric-shirt.png"; sourceTree = "<group>"; };
		B1D1347B1B35422400DC1811 /* white.gif */ = {isa = PBXFileReference; lastKnownFileType = image.gif; path = white.gif; sourceTree = "<group>"; };
		B1D1347D1B393D8700DC1811 /* DoStyle1.jpg */ = {isa = PBXFileReference; lastKnownFileType = image.jpeg; path = DoStyle1.jpg; sourceTree = "<group>"; };
		B1D1347E1B393D8700DC1811 /* DoStyle2.jpg */ = {isa = PBXFileReference; lastKnownFileType = image.jpeg; path = DoStyle2.jpg; sourceTree = "<group>"; };
		B1D1347F1B393D8700DC1811 /* LANP.jpg */ = {isa = PBXFileReference; lastKnownFileType = image.jpeg; path = LANP.jpg; sourceTree = "<group>"; };
		B1D134801B393D8700DC1811 /* VALON.jpg */ = {isa = PBXFileReference; lastKnownFileType = image.jpeg; path = VALON.jpg; sourceTree = "<group>"; };
		B1D134811B393D8700DC1811 /* ヒッチハイカー.jpg */ = {isa = PBXFileReference; lastKnownFileType = image.jpeg; path = "ヒッチハイカー.jpg"; sourceTree = "<group>"; };
		B1F8F4AB1B42C4BC00D26817 /* DetailViewController.swift */ = {isa = PBXFileReference; fileEncoding = 4; lastKnownFileType = sourcecode.swift; path = DetailViewController.swift; sourceTree = "<group>"; };
/* End PBXFileReference section */

/* Begin PBXFrameworksBuildPhase section */
		B16AB2EA1B3527CB0003BBFB /* Frameworks */ = {
			isa = PBXFrameworksBuildPhase;
			buildActionMask = 2147483647;
			files = (
			);
			runOnlyForDeploymentPostprocessing = 0;
		};
		B16AB2FF1B3527CB0003BBFB /* Frameworks */ = {
			isa = PBXFrameworksBuildPhase;
			buildActionMask = 2147483647;
			files = (
			);
			runOnlyForDeploymentPostprocessing = 0;
		};
/* End PBXFrameworksBuildPhase section */

/* Begin PBXGroup section */
		B16AB2E41B3527CB0003BBFB = {
			isa = PBXGroup;
			children = (
				B16AB2EF1B3527CB0003BBFB /* clolo1 */,
				B16AB3051B3527CB0003BBFB /* clolo1Tests */,
				B16AB2EE1B3527CB0003BBFB /* Products */,
			);
			sourceTree = "<group>";
		};
		B16AB2EE1B3527CB0003BBFB /* Products */ = {
			isa = PBXGroup;
			children = (
				B16AB2ED1B3527CB0003BBFB /* clolo1.app */,
				B16AB3021B3527CB0003BBFB /* clolo1Tests.xctest */,
			);
			name = Products;
			sourceTree = "<group>";
		};
		B16AB2EF1B3527CB0003BBFB /* clolo1 */ = {
			isa = PBXGroup;
			children = (
				B16AB2F21B3527CB0003BBFB /* AppDelegate.swift */,
				B16AB2F41B3527CB0003BBFB /* ViewController.swift */,
				B1F8F4AB1B42C4BC00D26817 /* DetailViewController.swift */,
				B16AB2F61B3527CB0003BBFB /* Main.storyboard */,
				B16AB2F91B3527CB0003BBFB /* Images.xcassets */,
				B16AB2FB1B3527CB0003BBFB /* LaunchScreen.xib */,
				B16AB3121B3527EC0003BBFB /* 01-fabric-shirt.png */,
				B1D1347B1B35422400DC1811 /* white.gif */,
				B1D1347D1B393D8700DC1811 /* DoStyle1.jpg */,
				B1D1347E1B393D8700DC1811 /* DoStyle2.jpg */,
				B1D1347F1B393D8700DC1811 /* LANP.jpg */,
				B1D134801B393D8700DC1811 /* VALON.jpg */,
				B1D134811B393D8700DC1811 /* ヒッチハイカー.jpg */,
				B16AB2F01B3527CB0003BBFB /* Supporting Files */,
			);
			path = clolo1;
			sourceTree = "<group>";
		};
		B16AB2F01B3527CB0003BBFB /* Supporting Files */ = {
			isa = PBXGroup;
			children = (
				B16AB2F11B3527CB0003BBFB /* Info.plist */,
			);
			name = "Supporting Files";
			sourceTree = "<group>";
		};
		B16AB3051B3527CB0003BBFB /* clolo1Tests */ = {
			isa = PBXGroup;
			children = (
				B16AB3081B3527CB0003BBFB /* clolo1Tests.swift */,
				B16AB3061B3527CB0003BBFB /* Supporting Files */,
			);
			path = clolo1Tests;
			sourceTree = "<group>";
		};
		B16AB3061B3527CB0003BBFB /* Supporting Files */ = {
			isa = PBXGroup;
			children = (
				B16AB3071B3527CB0003BBFB /* Info.plist */,
			);
			name = "Supporting Files";
			sourceTree = "<group>";
		};
/* End PBXGroup section */

/* Begin PBXNativeTarget section */
		B16AB2EC1B3527CB0003BBFB /* clolo1 */ = {
			isa = PBXNativeTarget;
			buildConfigurationList = B16AB30C1B3527CB0003BBFB /* Build configuration list for PBXNativeTarget "clolo1" */;
			buildPhases = (
				B16AB2E91B3527CB0003BBFB /* Sources */,
				B16AB2EA1B3527CB0003BBFB /* Frameworks */,
				B16AB2EB1B3527CB0003BBFB /* Resources */,
			);
			buildRules = (
			);
			dependencies = (
			);
			name = clolo1;
			productName = clolo1;
			productReference = B16AB2ED1B3527CB0003BBFB /* clolo1.app */;
			productType = "com.apple.product-type.application";
		};
		B16AB3011B3527CB0003BBFB /* clolo1Tests */ = {
			isa = PBXNativeTarget;
			buildConfigurationList = B16AB30F1B3527CB0003BBFB /* Build configuration list for PBXNativeTarget "clolo1Tests" */;
			buildPhases = (
				B16AB2FE1B3527CB0003BBFB /* Sources */,
				B16AB2FF1B3527CB0003BBFB /* Frameworks */,
				B16AB3001B3527CB0003BBFB /* Resources */,
			);
			buildRules = (
			);
			dependencies = (
				B16AB3041B3527CB0003BBFB /* PBXTargetDependency */,
			);
			name = clolo1Tests;
			productName = clolo1Tests;
			productReference = B16AB3021B3527CB0003BBFB /* clolo1Tests.xctest */;
			productType = "com.apple.product-type.bundle.unit-test";
		};
/* End PBXNativeTarget section */

/* Begin PBXProject section */
		B16AB2E51B3527CB0003BBFB /* Project object */ = {
			isa = PBXProject;
			attributes = {
				LastUpgradeCheck = 0630;
				ORGANIZATIONNAME = "奥野美波";
				TargetAttributes = {
					B16AB2EC1B3527CB0003BBFB = {
						CreatedOnToolsVersion = 6.3.2;
					};
					B16AB3011B3527CB0003BBFB = {
						CreatedOnToolsVersion = 6.3.2;
						TestTargetID = B16AB2EC1B3527CB0003BBFB;
					};
				};
			};
			buildConfigurationList = B16AB2E81B3527CB0003BBFB /* Build configuration list for PBXProject "clolo1" */;
			compatibilityVersion = "Xcode 3.2";
			developmentRegion = English;
			hasScannedForEncodings = 0;
			knownRegions = (
				en,
				Base,
			);
			mainGroup = B16AB2E41B3527CB0003BBFB;
			productRefGroup = B16AB2EE1B3527CB0003BBFB /* Products */;
			projectDirPath = "";
			projectRoot = "";
			targets = (
				B16AB2EC1B3527CB0003BBFB /* clolo1 */,
				B16AB3011B3527CB0003BBFB /* clolo1Tests */,
			);
		};
/* End PBXProject section */

/* Begin PBXResourcesBuildPhase section */
		B16AB2EB1B3527CB0003BBFB /* Resources */ = {
			isa = PBXResourcesBuildPhase;
			buildActionMask = 2147483647;
			files = (
				B1D134851B393D8700DC1811 /* VALON.jpg in Resources */,
				B1D134821B393D8700DC1811 /* DoStyle1.jpg in Resources */,
				B16AB2F81B3527CB0003BBFB /* Main.storyboard in Resources */,
				B1D134841B393D8700DC1811 /* LANP.jpg in Resources */,
				B16AB2FD1B3527CB0003BBFB /* LaunchScreen.xib in Resources */,
				B16AB3131B3527EC0003BBFB /* 01-fabric-shirt.png in Resources */,
				B16AB2FA1B3527CB0003BBFB /* Images.xcassets in Resources */,
				B1D134831B393D8700DC1811 /* DoStyle2.jpg in Resources */,
				B1D134861B393D8700DC1811 /* ヒッチハイカー.jpg in Resources */,
				B1D1347C1B35422400DC1811 /* white.gif in Resources */,
			);
			runOnlyForDeploymentPostprocessing = 0;
		};
		B16AB3001B3527CB0003BBFB /* Resources */ = {
			isa = PBXResourcesBuildPhase;
			buildActionMask = 2147483647;
			files = (
			);
			runOnlyForDeploymentPostprocessing = 0;
		};
/* End PBXResourcesBuildPhase section */

/* Begin PBXSourcesBuildPhase section */
		B16AB2E91B3527CB0003BBFB /* Sources */ = {
			isa = PBXSourcesBuildPhase;
			buildActionMask = 2147483647;
			files = (
				B1F8F4AC1B42C4BC00D26817 /* DetailViewController.swift in Sources */,
				B16AB2F51B3527CB0003BBFB /* ViewController.swift in Sources */,
				B16AB2F31B3527CB0003BBFB /* AppDelegate.swift in Sources */,
			);
			runOnlyForDeploymentPostprocessing = 0;
		};
		B16AB2FE1B3527CB0003BBFB /* Sources */ = {
			isa = PBXSourcesBuildPhase;
			buildActionMask = 2147483647;
			files = (
				B16AB3091B3527CB0003BBFB /* clolo1Tests.swift in Sources */,
			);
			runOnlyForDeploymentPostprocessing = 0;
		};
/* End PBXSourcesBuildPhase section */

/* Begin PBXTargetDependency section */
		B16AB3041B3527CB0003BBFB /* PBXTargetDependency */ = {
			isa = PBXTargetDependency;
			target = B16AB2EC1B3527CB0003BBFB /* clolo1 */;
			targetProxy = B16AB3031B3527CB0003BBFB /* PBXContainerItemProxy */;
		};
/* End PBXTargetDependency section */

/* Begin PBXVariantGroup section */
		B16AB2F61B3527CB0003BBFB /* Main.storyboard */ = {
			isa = PBXVariantGroup;
			children = (
				B16AB2F71B3527CB0003BBFB /* Base */,
			);
			name = Main.storyboard;
			sourceTree = "<group>";
		};
		B16AB2FB1B3527CB0003BBFB /* LaunchScreen.xib */ = {
			isa = PBXVariantGroup;
			children = (
				B16AB2FC1B3527CB0003BBFB /* Base */,
			);
			name = LaunchScreen.xib;
			sourceTree = "<group>";
		};
/* End PBXVariantGroup section */

/* Begin XCBuildConfiguration section */
		B16AB30A1B3527CB0003BBFB /* Debug */ = {
			isa = XCBuildConfiguration;
			buildSettings = {
				ALWAYS_SEARCH_USER_PATHS = NO;
				CLANG_CXX_LANGUAGE_STANDARD = "gnu++0x";
				CLANG_CXX_LIBRARY = "libc++";
				CLANG_ENABLE_MODULES = YES;
				CLANG_ENABLE_OBJC_ARC = YES;
				CLANG_WARN_BOOL_CONVERSION = YES;
				CLANG_WARN_CONSTANT_CONVERSION = YES;
				CLANG_WARN_DIRECT_OBJC_ISA_USAGE = YES_ERROR;
				CLANG_WARN_EMPTY_BODY = YES;
				CLANG_WARN_ENUM_CONVERSION = YES;
				CLANG_WARN_INT_CONVERSION = YES;
				CLANG_WARN_OBJC_ROOT_CLASS = YES_ERROR;
				CLANG_WARN_UNREACHABLE_CODE = YES;
				CLANG_WARN__DUPLICATE_METHOD_MATCH = YES;
				"CODE_SIGN_IDENTITY[sdk=iphoneos*]" = "iPhone Developer";
				COPY_PHASE_STRIP = NO;
				DEBUG_INFORMATION_FORMAT = "dwarf-with-dsym";
				ENABLE_STRICT_OBJC_MSGSEND = YES;
				GCC_C_LANGUAGE_STANDARD = gnu99;
				GCC_DYNAMIC_NO_PIC = NO;
				GCC_NO_COMMON_BLOCKS = YES;
				GCC_OPTIMIZATION_LEVEL = 0;
				GCC_PREPROCESSOR_DEFINITIONS = (
					"DEBUG=1",
					"$(inherited)",
				);
				GCC_SYMBOLS_PRIVATE_EXTERN = NO;
				GCC_WARN_64_TO_32_BIT_CONVERSION = YES;
				GCC_WARN_ABOUT_RETURN_TYPE = YES_ERROR;
				GCC_WARN_UNDECLARED_SELECTOR = YES;
				GCC_WARN_UNINITIALIZED_AUTOS = YES_AGGRESSIVE;
				GCC_WARN_UNUSED_FUNCTION = YES;
				GCC_WARN_UNUSED_VARIABLE = YES;
				IPHONEOS_DEPLOYMENT_TARGET = 8.3;
				MTL_ENABLE_DEBUG_INFO = YES;
				ONLY_ACTIVE_ARCH = YES;
				SDKROOT = iphoneos;
				SWIFT_OPTIMIZATION_LEVEL = "-Onone";
			};
			name = Debug;
		};
		B16AB30B1B3527CB0003BBFB /* Release */ = {
			isa = XCBuildConfiguration;
			buildSettings = {
				ALWAYS_SEARCH_USER_PATHS = NO;
				CLANG_CXX_LANGUAGE_STANDARD = "gnu++0x";
				CLANG_CXX_LIBRARY = "libc++";
				CLANG_ENABLE_MODULES = YES;
				CLANG_ENABLE_OBJC_ARC = YES;
				CLANG_WARN_BOOL_CONVERSION = YES;
				CLANG_WARN_CONSTANT_CONVERSION = YES;
				CLANG_WARN_DIRECT_OBJC_ISA_USAGE = YES_ERROR;
				CLANG_WARN_EMPTY_BODY = YES;
				CLANG_WARN_ENUM_CONVERSION = YES;
				CLANG_WARN_INT_CONVERSION = YES;
				CLANG_WARN_OBJC_ROOT_CLASS = YES_ERROR;
				CLANG_WARN_UNREACHABLE_CODE = YES;
				CLANG_WARN__DUPLICATE_METHOD_MATCH = YES;
				"CODE_SIGN_IDENTITY[sdk=iphoneos*]" = "iPhone Developer";
				COPY_PHASE_STRIP = NO;
				DEBUG_INFORMATION_FORMAT = "dwarf-with-dsym";
				ENABLE_NS_ASSERTIONS = NO;
				ENABLE_STRICT_OBJC_MSGSEND = YES;
				GCC_C_LANGUAGE_STANDARD = gnu99;
				GCC_NO_COMMON_BLOCKS = YES;
				GCC_WARN_64_TO_32_BIT_CONVERSION = YES;
				GCC_WARN_ABOUT_RETURN_TYPE = YES_ERROR;
				GCC_WARN_UNDECLARED_SELECTOR = YES;
				GCC_WARN_UNINITIALIZED_AUTOS = YES_AGGRESSIVE;
				GCC_WARN_UNUSED_FUNCTION = YES;
				GCC_WARN_UNUSED_VARIABLE = YES;
				IPHONEOS_DEPLOYMENT_TARGET = 8.3;
				MTL_ENABLE_DEBUG_INFO = NO;
				SDKROOT = iphoneos;
				VALIDATE_PRODUCT = YES;
			};
			name = Release;
		};
		B16AB30D1B3527CB0003BBFB /* Debug */ = {
			isa = XCBuildConfiguration;
			buildSettings = {
				ASSETCATALOG_COMPILER_APPICON_NAME = AppIcon;
				INFOPLIST_FILE = clolo1/Info.plist;
				LD_RUNPATH_SEARCH_PATHS = "$(inherited) @executable_path/Frameworks";
				PRODUCT_NAME = "$(TARGET_NAME)";
			};
			name = Debug;
		};
		B16AB30E1B3527CB0003BBFB /* Release */ = {
			isa = XCBuildConfiguration;
			buildSettings = {
				ASSETCATALOG_COMPILER_APPICON_NAME = AppIcon;
				INFOPLIST_FILE = clolo1/Info.plist;
				LD_RUNPATH_SEARCH_PATHS = "$(inherited) @executable_path/Frameworks";
				PRODUCT_NAME = "$(TARGET_NAME)";
			};
			name = Release;
		};
		B16AB3101B3527CB0003BBFB /* Debug */ = {
			isa = XCBuildConfiguration;
			buildSettings = {
				BUNDLE_LOADER = "$(TEST_HOST)";
				FRAMEWORK_SEARCH_PATHS = (
					"$(SDKROOT)/Developer/Library/Frameworks",
					"$(inherited)",
				);
				GCC_PREPROCESSOR_DEFINITIONS = (
					"DEBUG=1",
					"$(inherited)",
				);
				INFOPLIST_FILE = clolo1Tests/Info.plist;
				LD_RUNPATH_SEARCH_PATHS = "$(inherited) @executable_path/Frameworks @loader_path/Frameworks";
				PRODUCT_NAME = "$(TARGET_NAME)";
				TEST_HOST = "$(BUILT_PRODUCTS_DIR)/clolo1.app/clolo1";
			};
			name = Debug;
		};
		B16AB3111B3527CB0003BBFB /* Release */ = {
			isa = XCBuildConfiguration;
			buildSettings = {
				BUNDLE_LOADER = "$(TEST_HOST)";
				FRAMEWORK_SEARCH_PATHS = (
					"$(SDKROOT)/Developer/Library/Frameworks",
					"$(inherited)",
				);
				INFOPLIST_FILE = clolo1Tests/Info.plist;
				LD_RUNPATH_SEARCH_PATHS = "$(inherited) @executable_path/Frameworks @loader_path/Frameworks";
				PRODUCT_NAME = "$(TARGET_NAME)";
				TEST_HOST = "$(BUILT_PRODUCTS_DIR)/clolo1.app/clolo1";
			};
			name = Release;
		};
/* End XCBuildConfiguration section */

/* Begin XCConfigurationList section */
		B16AB2E81B3527CB0003BBFB /* Build configuration list for PBXProject "clolo1" */ = {
			isa = XCConfigurationList;
			buildConfigurations = (
				B16AB30A1B3527CB0003BBFB /* Debug */,
				B16AB30B1B3527CB0003BBFB /* Release */,
			);
			defaultConfigurationIsVisible = 0;
			defaultConfigurationName = Release;
		};
		B16AB30C1B3527CB0003BBFB /* Build configuration list for PBXNativeTarget "clolo1" */ = {
			isa = XCConfigurationList;
			buildConfigurations = (
				B16AB30D1B3527CB0003BBFB /* Debug */,
				B16AB30E1B3527CB0003BBFB /* Release */,
			);
			defaultConfigurationIsVisible = 0;
			defaultConfigurationName = Release;
		};
		B16AB30F1B3527CB0003BBFB /* Build configuration list for PBXNativeTarget "clolo1Tests" */ = {
			isa = XCConfigurationList;
			buildConfigurations = (
				B16AB3101B3527CB0003BBFB /* Debug */,
				B16AB3111B3527CB0003BBFB /* Release */,
			);
			defaultConfigurationIsVisible = 0;
			defaultConfigurationName = Release;
		};
/* End XCConfigurationList section */
	};
	rootObject = B16AB2E51B3527CB0003BBFB /* Project object */;
}
